
Microsoft Visual Studio Solution File, Format Version 12.00
# Visual Studio Version 16
VisualStudioVersion = 16.0.31321.278
MinimumVisualStudioVersion = 10.0.40219.1
Project("{FAE04EC0-301F-11D3-BF4B-00C04F79EFBC}") = "ObjectComparer", "ObjectComparer\ObjectComparer.csproj", "{F761091A-B500-4FCF-A137-91EF8640BF53}"
EndProject
Project("{FAE04EC0-301F-11D3-BF4B-00C04F79EFBC}") = "ObjectComparer.Test", "ObjectComparer.Test\ObjectComparer.Test.csproj", "{CDEB614C-B70E-4BA2-BCE7-C9C706AFBF94}"
EndProject
Global
	GlobalSection(SolutionConfigurationPlatforms) = preSolution
		Debug|Any CPU = Debug|Any CPU
		Release|Any CPU = Release|Any CPU
	EndGlobalSection
	GlobalSection(ProjectConfigurationPlatforms) = postSolution
		{F761091A-B500-4FCF-A137-91EF8640BF53}.Debug|Any CPU.ActiveCfg = Debug|Any CPU
		{F761091A-B500-4FCF-A137-91EF8640BF53}.Debug|Any CPU.Build.0 = Debug|Any CPU
		{F761091A-B500-4FCF-A137-91EF8640BF53}.Release|Any CPU.ActiveCfg = Release|Any CPU
		{F761091A-B500-4FCF-A137-91EF8640BF53}.Release|Any CPU.Build.0 = Release|Any CPU
		{CDEB614C-B70E-4BA2-BCE7-C9C706AFBF94}.Debug|Any CPU.ActiveCfg = Debug|Any CPU
		{CDEB614C-B70E-4BA2-BCE7-C9C706AFBF94}.Debug|Any CPU.Build.0 = Debug|Any CPU
		{CDEB614C-B70E-4BA2-BCE7-C9C706AFBF94}.Release|Any CPU.ActiveCfg = Release|Any CPU
		{CDEB614C-B70E-4BA2-BCE7-C9C706AFBF94}.Release|Any CPU.Build.0 = Release|Any CPU
	EndGlobalSection
	GlobalSection(SolutionProperties) = preSolution
		HideSolutionNode = FALSE
	EndGlobalSection
	GlobalSection(ExtensibilityGlobals) = postSolution
		SolutionGuid = {85D9D84B-2663-4BAC-8CEF-B64EBCA8FD6A}
	EndGlobalSection
EndGlobal
